// !$*UTF8*$!
{
	archiveVersion = 1;
	classes = {
	};
	objectVersion = 46;
	objects = {

/* Begin PBXBuildFile section */
		FD428DC51C10CB6E000F7F5F /* Boom-App.png in Resources */ = {isa = PBXBuildFile; fileRef = FD428DC41C10CB6E000F7F5F /* Boom-App.png */; };
		FD428DC71C10CB91000F7F5F /* 579.jpg in Resources */ = {isa = PBXBuildFile; fileRef = FD428DC61C10CB91000F7F5F /* 579.jpg */; };
		FD428DC91C10D691000F7F5F /* SwirlBG.jpg in Resources */ = {isa = PBXBuildFile; fileRef = FD428DC81C10D691000F7F5F /* SwirlBG.jpg */; };
		FDAC793D1C10C60700C53FEC /* AppDelegate.swift in Sources */ = {isa = PBXBuildFile; fileRef = FDAC793C1C10C60700C53FEC /* AppDelegate.swift */; };
		FDAC793F1C10C60700C53FEC /* ViewController.swift in Sources */ = {isa = PBXBuildFile; fileRef = FDAC793E1C10C60700C53FEC /* ViewController.swift */; };
		FDAC79421C10C60700C53FEC /* Main.storyboard in Resources */ = {isa = PBXBuildFile; fileRef = FDAC79401C10C60700C53FEC /* Main.storyboard */; };
		FDAC79451C10C60700C53FEC /* supercoolapp.xcdatamodeld in Sources */ = {isa = PBXBuildFile; fileRef = FDAC79431C10C60700C53FEC /* supercoolapp.xcdatamodeld */; };
		FDAC79471C10C60700C53FEC /* Assets.xcassets in Resources */ = {isa = PBXBuildFile; fileRef = FDAC79461C10C60700C53FEC /* Assets.xcassets */; };
		FDAC794A1C10C60700C53FEC /* LaunchScreen.storyboard in Resources */ = {isa = PBXBuildFile; fileRef = FDAC79481C10C60700C53FEC /* LaunchScreen.storyboard */; };
/* End PBXBuildFile section */

/* Begin PBXFileReference section */
		FD428DC41C10CB6E000F7F5F /* Boom-App.png */ = {isa = PBXFileReference; lastKnownFileType = image.png; path = "Boom-App.png"; sourceTree = "<group>"; };
		FD428DC61C10CB91000F7F5F /* 579.jpg */ = {isa = PBXFileReference; lastKnownFileType = image.jpeg; path = 579.jpg; sourceTree = "<group>"; };
		FD428DC81C10D691000F7F5F /* SwirlBG.jpg */ = {isa = PBXFileReference; lastKnownFileType = image.jpeg; path = SwirlBG.jpg; sourceTree = "<group>"; };
		FDAC79391C10C60700C53FEC /* supercoolapp.app */ = {isa = PBXFileReference; explicitFileType = wrapper.application; includeInIndex = 0; path = supercoolapp.app; sourceTree = BUILT_PRODUCTS_DIR; };
		FDAC793C1C10C60700C53FEC /* AppDelegate.swift */ = {isa = PBXFileReference; lastKnownFileType = sourcecode.swift; path = AppDelegate.swift; sourceTree = "<group>"; };
		FDAC793E1C10C60700C53FEC /* ViewController.swift */ = {isa = PBXFileReference; lastKnownFileType = sourcecode.swift; path = ViewController.swift; sourceTree = "<group>"; };
		FDAC79411C10C60700C53FEC /* Base */ = {isa = PBXFileReference; lastKnownFileType = file.storyboard; name = Base; path = Base.lproj/Main.storyboard; sourceTree = "<group>"; };
		FDAC79441C10C60700C53FEC /* supercoolapp.xcdatamodel */ = {isa = PBXFileReference; lastKnownFileType = wrapper.xcdatamodel; path = supercoolapp.xcdatamodel; sourceTree = "<group>"; };
		FDAC79461C10C60700C53FEC /* Assets.xcassets */ = {isa = PBXFileReference; lastKnownFileType = folder.assetcatalog; path = Assets.xcassets; sourceTree = "<group>"; };
		FDAC79491C10C60700C53FEC /* Base */ = {isa = PBXFileReference; lastKnownFileType = file.storyboard; name = Base; path = Base.lproj/LaunchScreen.storyboard; sourceTree = "<group>"; };
		FDAC794B1C10C60700C53FEC /* Info.plist */ = {isa = PBXFileReference; lastKnownFileType = text.plist.xml; path = Info.plist; sourceTree = "<group>"; };
/* End PBXFileReference section */

/* Begin PBXFrameworksBuildPhase section */
		FDAC79361C10C60700C53FEC /* Frameworks */ = {
			isa = PBXFrameworksBuildPhase;
			buildActionMask = 2147483647;
			files = (
			);
			runOnlyForDeploymentPostprocessing = 0;
		};
/* End PBXFrameworksBuildPhase section */

/* Begin PBXGroup section */
		FDAC79301C10C60700C53FEC = {
			isa = PBXGroup;
			children = (
				FDAC793B1C10C60700C53FEC /* supercoolapp */,
				FDAC793A1C10C60700C53FEC /* Products */,
			);
			sourceTree = "<group>";
		};
		FDAC793A1C10C60700C53FEC /* Products */ = {
			isa = PBXGroup;
			children = (
				FDAC79391C10C60700C53FEC /* supercoolapp.app */,
			);
			name = Products;
			sourceTree = "<group>";
		};
		FDAC793B1C10C60700C53FEC /* supercoolapp */ = {
			isa = PBXGroup;
			children = (
				FDAC793C1C10C60700C53FEC /* AppDelegate.swift */,
				FDAC793E1C10C60700C53FEC /* ViewController.swift */,
				FDAC79401C10C60700C53FEC /* Main.storyboard */,
				FDAC79461C10C60700C53FEC /* Assets.xcassets */,
				FD428DC81C10D691000F7F5F /* SwirlBG.jpg */,
				FD428DC61C10CB91000F7F5F /* 579.jpg */,
				FD428DC41C10CB6E000F7F5F /* Boom-App.png */,
				FDAC79481C10C60700C53FEC /* LaunchScreen.storyboard */,
				FDAC794B1C10C60700C53FEC /* Info.plist */,
				FDAC79431C10C60700C53FEC /* supercoolapp.xcdatamodeld */,
			);
			path = supercoolapp;
			sourceTree = "<group>";
		};
/* End PBXGroup section */

/* Begin PBXNativeTarget section */
		FDAC79381C10C60700C53FEC /* supercoolapp */ = {
			isa = PBXNativeTarget;
			buildConfigurationList = FDAC794E1C10C60700C53FEC /* Build configuration list for PBXNativeTarget "supercoolapp" */;
			buildPhases = (
				FDAC79351C10C60700C53FEC /* Sources */,
				FDAC79361C10C60700C53FEC /* Frameworks */,
				FDAC79371C10C60700C53FEC /* Resources */,
			);
			buildRules = (
			);
			dependencies = (
			);
			name = supercoolapp;
			productName = supercoolapp;
			productReference = FDAC79391C10C60700C53FEC /* supercoolapp.app */;
			productType = "com.apple.product-type.application";
		};
/* End PBXNativeTarget section */

/* Begin PBXProject section */
		FDAC79311C10C60700C53FEC /* Project object */ = {
			isa = PBXProject;
			attributes = {
				LastSwiftUpdateCheck = 0710;
				LastUpgradeCheck = 0710;
				ORGANIZATIONNAME = "Thomas Kan";
				TargetAttributes = {
					FDAC79381C10C60700C53FEC = {
						CreatedOnToolsVersion = 7.1.1;
					};
				};
			};
			buildConfigurationList = FDAC79341C10C60700C53FEC /* Build configuration list for PBXProject "supercoolapp" */;
			compatibilityVersion = "Xcode 3.2";
			developmentRegion = English;
			hasScannedForEncodings = 0;
			knownRegions = (
				en,
				Base,
			);
			mainGroup = FDAC79301C10C60700C53FEC;
			productRefGroup = FDAC793A1C10C60700C53FEC /* Products */;
			projectDirPath = "";
			projectRoot = "";
			targets = (
				FDAC79381C10C60700C53FEC /* supercoolapp */,
			);
		};
/* End PBXProject section */

/* Begin PBXResourcesBuildPhase section */
		FDAC79371C10C60700C53FEC /* Resources */ = {
			isa = PBXResourcesBuildPhase;
			buildActionMask = 2147483647;
			files = (
				FD428DC91C10D691000F7F5F /* SwirlBG.jpg in Resources */,
				FDAC794A1C10C60700C53FEC /* LaunchScreen.storyboard in Resources */,
				FDAC79471C10C60700C53FEC /* Assets.xcassets in Resources */,
				FD428DC71C10CB91000F7F5F /* 579.jpg in Resources */,
				FD428DC51C10CB6E000F7F5F /* Boom-App.png in Resources */,
				FDAC79421C10C60700C53FEC /* Main.storyboard in Resources */,
			);
			runOnlyForDeploymentPostprocessing = 0;
		};
/* End PBXResourcesBuildPhase section */

/* Begin PBXSourcesBuildPhase section */
		FDAC79351C10C60700C53FEC /* Sources */ = {
			isa = PBXSourcesBuildPhase;
			buildActionMask = 2147483647;
			files = (
				FDAC793F1C10C60700C53FEC /* ViewController.swift in Sources */,
				FDAC79451C10C60700C53FEC /* supercoolapp.xcdatamodeld in Sources */,
				FDAC793D1C10C60700C53FEC /* AppDelegate.swift in Sources */,
			);
			runOnlyForDeploymentPostprocessing = 0;
		};
/* End PBXSourcesBuildPhase section */

/* Begin PBXVariantGroup section */
		FDAC79401C10C60700C53FEC /* Main.storyboard */ = {
			isa = PBXVariantGroup;
			children = (
				FDAC79411C10C60700C53FEC /* Base */,
			);
			name = Main.storyboard;
			sourceTree = "<group>";
		};
		FDAC79481C10C60700C53FEC /* LaunchScreen.storyboard */ = {
			isa = PBXVariantGroup;
			children = (
				FDAC79491C10C60700C53FEC /* Base */,
			);
			name = LaunchScreen.storyboard;
			sourceTree = "<group>";
		};
/* End PBXVariantGroup section */

/* Begin XCBuildConfiguration section */
		FDAC794C1C10C60700C53FEC /* Debug */ = {
			isa = XCBuildConfiguration;
			buildSettings = {
				ALWAYS_SEARCH_USER_PATHS = NO;
				CLANG_CXX_LANGUAGE_STANDARD = "gnu++0x";
				CLANG_CXX_LIBRARY = "libc++";
				CLANG_ENABLE_MODULES = YES;
				CLANG_ENABLE_OBJC_ARC = YES;
				CLANG_WARN_BOOL_CONVERSION = YES;
				CLANG_WARN_CONSTANT_CONVERSION = YES;
				CLANG_WARN_DIRECT_OBJC_ISA_USAGE = YES_ERROR;
				CLANG_WARN_EMPTY_BODY = YES;
				CLANG_WARN_ENUM_CONVERSION = YES;
				CLANG_WARN_INT_CONVERSION = YES;
				CLANG_WARN_OBJC_ROOT_CLASS = YES_ERROR;
				CLANG_WARN_UNREACHABLE_CODE = YES;
				CLANG_WARN__DUPLICATE_METHOD_MATCH = YES;
				"CODE_SIGN_IDENTITY[sdk=iphoneos*]" = "iPhone Developer";
				COPY_PHASE_STRIP = NO;
				DEBUG_INFORMATION_FORMAT = dwarf;
				ENABLE_STRICT_OBJC_MSGSEND = YES;
				ENABLE_TESTABILITY = YES;
				GCC_C_LANGUAGE_STANDARD = gnu99;
				GCC_DYNAMIC_NO_PIC = NO;
				GCC_NO_COMMON_BLOCKS = YES;
				GCC_OPTIMIZATION_LEVEL = 0;
				GCC_PREPROCESSOR_DEFINITIONS = (
					"DEBUG=1",
					"$(inherited)",
				);
				GCC_WARN_64_TO_32_BIT_CONVERSION = YES;
				GCC_WARN_ABOUT_RETURN_TYPE = YES_ERROR;
				GCC_WARN_UNDECLARED_SELECTOR = YES;
				GCC_WARN_UNINITIALIZED_AUTOS = YES_AGGRESSIVE;
				GCC_WARN_UNUSED_FUNCTION = YES;
				GCC_WARN_UNUSED_VARIABLE = YES;
				IPHONEOS_DEPLOYMENT_TARGET = 9.1;
				MTL_ENABLE_DEBUG_INFO = YES;
				ONLY_ACTIVE_ARCH = YES;
				SDKROOT = iphoneos;
				SWIFT_OPTIMIZATION_LEVEL = "-Onone";
			};
			name = Debug;
		};
		FDAC794D1C10C60700C53FEC /* Release */ = {
			isa = XCBuildConfiguration;
			buildSettings = {
				ALWAYS_SEARCH_USER_PATHS = NO;
				CLANG_CXX_LANGUAGE_STANDARD = "gnu++0x";
				CLANG_CXX_LIBRARY = "libc++";
				CLANG_ENABLE_MODULES = YES;
				CLANG_ENABLE_OBJC_ARC = YES;
				CLANG_WARN_BOOL_CONVERSION = YES;
				CLANG_WARN_CONSTANT_CONVERSION = YES;
				CLANG_WARN_DIRECT_OBJC_ISA_USAGE = YES_ERROR;
				CLANG_WARN_EMPTY_BODY = YES;
				CLANG_WARN_ENUM_CONVERSION = YES;
				CLANG_WARN_INT_CONVERSION = YES;
				CLANG_WARN_OBJC_ROOT_CLASS = YES_ERROR;
				CLANG_WARN_UNREACHABLE_CODE = YES;
				CLANG_WARN__DUPLICATE_METHOD_MATCH = YES;
				"CODE_SIGN_IDENTITY[sdk=iphoneos*]" = "iPhone Developer";
				COPY_PHASE_STRIP = NO;
				DEBUG_INFORMATION_FORMAT = "dwarf-with-dsym";
				ENABLE_NS_ASSERTIONS = NO;
				ENABLE_STRICT_OBJC_MSGSEND = YES;
				GCC_C_LANGUAGE_STANDARD = gnu99;
				GCC_NO_COMMON_BLOCKS = YES;
				GCC_WARN_64_TO_32_BIT_CONVERSION = YES;
				GCC_WARN_ABOUT_RETURN_TYPE = YES_ERROR;
				GCC_WARN_UNDECLARED_SELECTOR = YES;
				GCC_WARN_UNINITIALIZED_AUTOS = YES_AGGRESSIVE;
				GCC_WARN_UNUSED_FUNCTION = YES;
				GCC_WARN_UNUSED_VARIABLE = YES;
				IPHONEOS_DEPLOYMENT_TARGET = 9.1;
				MTL_ENABLE_DEBUG_INFO = NO;
				SDKROOT = iphoneos;
				VALIDATE_PRODUCT = YES;
			};
			name = Release;
		};
		FDAC794F1C10C60700C53FEC /* Debug */ = {
			isa = XCBuildConfiguration;
			buildSettings = {
				ASSETCATALOG_COMPILER_APPICON_NAME = AppIcon;
				INFOPLIST_FILE = supercoolapp/Info.plist;
				LD_RUNPATH_SEARCH_PATHS = "$(inherited) @executable_path/Frameworks";
				PRODUCT_BUNDLE_IDENTIFIER = com.ikanmakeit.supercoolapp;
				PRODUCT_NAME = "$(TARGET_NAME)";
			};
			name = Debug;
		};
		FDAC79501C10C60700C53FEC /* Release */ = {
			isa = XCBuildConfiguration;
			buildSettings = {
				ASSETCATALOG_COMPILER_APPICON_NAME = AppIcon;
				INFOPLIST_FILE = supercoolapp/Info.plist;
				LD_RUNPATH_SEARCH_PATHS = "$(inherited) @executable_path/Frameworks";
				PRODUCT_BUNDLE_IDENTIFIER = com.ikanmakeit.supercoolapp;
				PRODUCT_NAME = "$(TARGET_NAME)";
			};
			name = Release;
		};
/* End XCBuildConfiguration section */

/* Begin XCConfigurationList section */
		FDAC79341C10C60700C53FEC /* Build configuration list for PBXProject "supercoolapp" */ = {
			isa = XCConfigurationList;
			buildConfigurations = (
				FDAC794C1C10C60700C53FEC /* Debug */,
				FDAC794D1C10C60700C53FEC /* Release */,
			);
			defaultConfigurationIsVisible = 0;
			defaultConfigurationName = Release;
		};
		FDAC794E1C10C60700C53FEC /* Build configuration list for PBXNativeTarget "supercoolapp" */ = {
			isa = XCConfigurationList;
			buildConfigurations = (
				FDAC794F1C10C60700C53FEC /* Debug */,
				FDAC79501C10C60700C53FEC /* Release */,
			);
			defaultConfigurationIsVisible = 0;
			defaultConfigurationName = Release;
		};
/* End XCConfigurationList section */

/* Begin XCVersionGroup section */
		FDAC79431C10C60700C53FEC /* supercoolapp.xcdatamodeld */ = {
			isa = XCVersionGroup;
			children = (
				FDAC79441C10C60700C53FEC /* supercoolapp.xcdatamodel */,
			);
			currentVersion = FDAC79441C10C60700C53FEC /* supercoolapp.xcdatamodel */;
			path = supercoolapp.xcdatamodeld;
			sourceTree = "<group>";
			versionGroupType = wrapper.xcdatamodel;
		};
/* End XCVersionGroup section */
	};
	rootObject = FDAC79311C10C60700C53FEC /* Project object */;
}
